// !$*UTF8*$!
{
	archiveVersion = 1;
	classes = {
	};
	objectVersion = 56;
	objects = {

/* Begin PBXBuildFile section */
		4ACE28AD2A08D060004E7D06 /* ApiController.swift in Sources */ = {isa = PBXBuildFile; fileRef = 4ACE28AC2A08D060004E7D06 /* ApiController.swift */; };
		4ACE28B22A08F320004E7D06 /* Lunch.jpg in Resources */ = {isa = PBXBuildFile; fileRef = 4ACE28AE2A08F320004E7D06 /* Lunch.jpg */; };
		4ACE28B32A08F320004E7D06 /* Snacks.jpg in Resources */ = {isa = PBXBuildFile; fileRef = 4ACE28AF2A08F320004E7D06 /* Snacks.jpg */; };
		4ACE28B42A08F320004E7D06 /* Breakfast.jpg in Resources */ = {isa = PBXBuildFile; fileRef = 4ACE28B02A08F320004E7D06 /* Breakfast.jpg */; };
		4ACE28B52A08F320004E7D06 /* Dinner.jpg in Resources */ = {isa = PBXBuildFile; fileRef = 4ACE28B12A08F320004E7D06 /* Dinner.jpg */; };
		E34D35D829FE18BC00F42E58 /* AppDelegate.swift in Sources */ = {isa = PBXBuildFile; fileRef = E34D35D729FE18BC00F42E58 /* AppDelegate.swift */; };
		E34D35DA29FE18BC00F42E58 /* SceneDelegate.swift in Sources */ = {isa = PBXBuildFile; fileRef = E34D35D929FE18BC00F42E58 /* SceneDelegate.swift */; };
		E34D35DC29FE18BC00F42E58 /* ViewController.swift in Sources */ = {isa = PBXBuildFile; fileRef = E34D35DB29FE18BC00F42E58 /* ViewController.swift */; };
		E34D35DF29FE18BC00F42E58 /* Main.storyboard in Resources */ = {isa = PBXBuildFile; fileRef = E34D35DD29FE18BC00F42E58 /* Main.storyboard */; };
		E34D35E129FE18BF00F42E58 /* Assets.xcassets in Resources */ = {isa = PBXBuildFile; fileRef = E34D35E029FE18BF00F42E58 /* Assets.xcassets */; };
		E34D35E429FE18BF00F42E58 /* LaunchScreen.storyboard in Resources */ = {isa = PBXBuildFile; fileRef = E34D35E229FE18BF00F42E58 /* LaunchScreen.storyboard */; };
		E34D35EF29FE2D1E00F42E58 /* addCaloriesViewController.swift in Sources */ = {isa = PBXBuildFile; fileRef = E34D35EE29FE2D1E00F42E58 /* addCaloriesViewController.swift */; };
		E34D35F129FE2D9400F42E58 /* chooseMealViewController.swift in Sources */ = {isa = PBXBuildFile; fileRef = E34D35F029FE2D9400F42E58 /* chooseMealViewController.swift */; };
		E34D35F329FE2DBC00F42E58 /* mealHistoryViewController.swift in Sources */ = {isa = PBXBuildFile; fileRef = E34D35F229FE2DBC00F42E58 /* mealHistoryViewController.swift */; };
		E34D35F529FE2DD500F42E58 /* settingViewController.swift in Sources */ = {isa = PBXBuildFile; fileRef = E34D35F429FE2DD500F42E58 /* settingViewController.swift */; };
		E34D35F729FE327900F42E58 /* BMRCalc.swift in Sources */ = {isa = PBXBuildFile; fileRef = E34D35F629FE327900F42E58 /* BMRCalc.swift */; };
/* End PBXBuildFile section */

/* Begin PBXFileReference section */
		4ACE28AC2A08D060004E7D06 /* ApiController.swift */ = {isa = PBXFileReference; lastKnownFileType = sourcecode.swift; path = ApiController.swift; sourceTree = "<group>"; };
		4ACE28AE2A08F320004E7D06 /* Lunch.jpg */ = {isa = PBXFileReference; lastKnownFileType = image.jpeg; path = Lunch.jpg; sourceTree = "<group>"; };
		4ACE28AF2A08F320004E7D06 /* Snacks.jpg */ = {isa = PBXFileReference; lastKnownFileType = image.jpeg; path = Snacks.jpg; sourceTree = "<group>"; };
		4ACE28B02A08F320004E7D06 /* Breakfast.jpg */ = {isa = PBXFileReference; lastKnownFileType = image.jpeg; path = Breakfast.jpg; sourceTree = "<group>"; };
		4ACE28B12A08F320004E7D06 /* Dinner.jpg */ = {isa = PBXFileReference; lastKnownFileType = image.jpeg; path = Dinner.jpg; sourceTree = "<group>"; };
		E34D35D429FE18BC00F42E58 /* calCounter.app */ = {isa = PBXFileReference; explicitFileType = wrapper.application; includeInIndex = 0; path = calCounter.app; sourceTree = BUILT_PRODUCTS_DIR; };
		E34D35D729FE18BC00F42E58 /* AppDelegate.swift */ = {isa = PBXFileReference; lastKnownFileType = sourcecode.swift; path = AppDelegate.swift; sourceTree = "<group>"; };
		E34D35D929FE18BC00F42E58 /* SceneDelegate.swift */ = {isa = PBXFileReference; lastKnownFileType = sourcecode.swift; path = SceneDelegate.swift; sourceTree = "<group>"; };
		E34D35DB29FE18BC00F42E58 /* ViewController.swift */ = {isa = PBXFileReference; lastKnownFileType = sourcecode.swift; path = ViewController.swift; sourceTree = "<group>"; };
		E34D35DE29FE18BC00F42E58 /* Base */ = {isa = PBXFileReference; lastKnownFileType = file.storyboard; name = Base; path = Base.lproj/Main.storyboard; sourceTree = "<group>"; };
		E34D35E029FE18BF00F42E58 /* Assets.xcassets */ = {isa = PBXFileReference; lastKnownFileType = folder.assetcatalog; path = Assets.xcassets; sourceTree = "<group>"; };
		E34D35E329FE18BF00F42E58 /* Base */ = {isa = PBXFileReference; lastKnownFileType = file.storyboard; name = Base; path = Base.lproj/LaunchScreen.storyboard; sourceTree = "<group>"; };
		E34D35E529FE18BF00F42E58 /* Info.plist */ = {isa = PBXFileReference; lastKnownFileType = text.plist.xml; path = Info.plist; sourceTree = "<group>"; };
		E34D35EE29FE2D1E00F42E58 /* addCaloriesViewController.swift */ = {isa = PBXFileReference; lastKnownFileType = sourcecode.swift; path = addCaloriesViewController.swift; sourceTree = "<group>"; };
		E34D35F029FE2D9400F42E58 /* chooseMealViewController.swift */ = {isa = PBXFileReference; lastKnownFileType = sourcecode.swift; path = chooseMealViewController.swift; sourceTree = "<group>"; };
		E34D35F229FE2DBC00F42E58 /* mealHistoryViewController.swift */ = {isa = PBXFileReference; lastKnownFileType = sourcecode.swift; path = mealHistoryViewController.swift; sourceTree = "<group>"; };
		E34D35F429FE2DD500F42E58 /* settingViewController.swift */ = {isa = PBXFileReference; lastKnownFileType = sourcecode.swift; path = settingViewController.swift; sourceTree = "<group>"; };
		E34D35F629FE327900F42E58 /* BMRCalc.swift */ = {isa = PBXFileReference; lastKnownFileType = sourcecode.swift; path = BMRCalc.swift; sourceTree = "<group>"; };
/* End PBXFileReference section */

/* Begin PBXFrameworksBuildPhase section */
		E34D35D129FE18BC00F42E58 /* Frameworks */ = {
			isa = PBXFrameworksBuildPhase;
			buildActionMask = 2147483647;
			files = (
			);
			runOnlyForDeploymentPostprocessing = 0;
		};
/* End PBXFrameworksBuildPhase section */

/* Begin PBXGroup section */
		4ACE28B72A08F337004E7D06 /* Pictures */ = {
			isa = PBXGroup;
			children = (
				4ACE28B02A08F320004E7D06 /* Breakfast.jpg */,
				4ACE28B12A08F320004E7D06 /* Dinner.jpg */,
				4ACE28AE2A08F320004E7D06 /* Lunch.jpg */,
				4ACE28AF2A08F320004E7D06 /* Snacks.jpg */,
			);
			name = Pictures;
			sourceTree = "<group>";
		};
		E34D35CB29FE18BC00F42E58 = {
			isa = PBXGroup;
			children = (
				E34D35D629FE18BC00F42E58 /* calCounter */,
				E34D35D529FE18BC00F42E58 /* Products */,
			);
			sourceTree = "<group>";
		};
		E34D35D529FE18BC00F42E58 /* Products */ = {
			isa = PBXGroup;
			children = (
				E34D35D429FE18BC00F42E58 /* calCounter.app */,
			);
			name = Products;
			sourceTree = "<group>";
		};
		E34D35D629FE18BC00F42E58 /* calCounter */ = {
			isa = PBXGroup;
			children = (
				4ACE28B72A08F337004E7D06 /* Pictures */,
				E34D35ED29FE2C6100F42E58 /* Model */,
				E34D35EB29FE2C3500F42E58 /* View */,
				E34D35EC29FE2C4A00F42E58 /* Control */,
				E34D35D929FE18BC00F42E58 /* SceneDelegate.swift */,
				E34D35D729FE18BC00F42E58 /* AppDelegate.swift */,
				E34D35E029FE18BF00F42E58 /* Assets.xcassets */,
				E34D35E229FE18BF00F42E58 /* LaunchScreen.storyboard */,
				E34D35E529FE18BF00F42E58 /* Info.plist */,
			);
			path = calCounter;
			sourceTree = "<group>";
		};
		E34D35EB29FE2C3500F42E58 /* View */ = {
			isa = PBXGroup;
			children = (
				E34D35DD29FE18BC00F42E58 /* Main.storyboard */,
			);
			path = View;
			sourceTree = "<group>";
		};
		E34D35EC29FE2C4A00F42E58 /* Control */ = {
			isa = PBXGroup;
			children = (
				E34D35DB29FE18BC00F42E58 /* ViewController.swift */,
				E34D35EE29FE2D1E00F42E58 /* addCaloriesViewController.swift */,
				E34D35F029FE2D9400F42E58 /* chooseMealViewController.swift */,
				E34D35F229FE2DBC00F42E58 /* mealHistoryViewController.swift */,
				E34D35F429FE2DD500F42E58 /* settingViewController.swift */,
				4ACE28AC2A08D060004E7D06 /* ApiController.swift */,
			);
			path = Control;
			sourceTree = "<group>";
		};
		E34D35ED29FE2C6100F42E58 /* Model */ = {
			isa = PBXGroup;
			children = (
				E34D35F629FE327900F42E58 /* BMRCalc.swift */,
			);
			path = Model;
			sourceTree = "<group>";
		};
/* End PBXGroup section */

/* Begin PBXNativeTarget section */
		E34D35D329FE18BC00F42E58 /* calCounter */ = {
			isa = PBXNativeTarget;
			buildConfigurationList = E34D35E829FE18BF00F42E58 /* Build configuration list for PBXNativeTarget "calCounter" */;
			buildPhases = (
				E34D35D029FE18BC00F42E58 /* Sources */,
				E34D35D129FE18BC00F42E58 /* Frameworks */,
				E34D35D229FE18BC00F42E58 /* Resources */,
			);
			buildRules = (
			);
			dependencies = (
			);
			name = calCounter;
			productName = calCounter;
			productReference = E34D35D429FE18BC00F42E58 /* calCounter.app */;
			productType = "com.apple.product-type.application";
		};
/* End PBXNativeTarget section */

/* Begin PBXProject section */
		E34D35CC29FE18BC00F42E58 /* Project object */ = {
			isa = PBXProject;
			attributes = {
				BuildIndependentTargetsInParallel = 1;
				LastSwiftUpdateCheck = 1430;
				LastUpgradeCheck = 1430;
				TargetAttributes = {
					E34D35D329FE18BC00F42E58 = {
						CreatedOnToolsVersion = 14.3;
					};
				};
			};
			buildConfigurationList = E34D35CF29FE18BC00F42E58 /* Build configuration list for PBXProject "calCounter" */;
			compatibilityVersion = "Xcode 14.0";
			developmentRegion = en;
			hasScannedForEncodings = 0;
			knownRegions = (
				en,
				Base,
			);
			mainGroup = E34D35CB29FE18BC00F42E58;
			productRefGroup = E34D35D529FE18BC00F42E58 /* Products */;
			projectDirPath = "";
			projectRoot = "";
			targets = (
				E34D35D329FE18BC00F42E58 /* calCounter */,
			);
		};
/* End PBXProject section */

/* Begin PBXResourcesBuildPhase section */
		E34D35D229FE18BC00F42E58 /* Resources */ = {
			isa = PBXResourcesBuildPhase;
			buildActionMask = 2147483647;
			files = (
				E34D35E429FE18BF00F42E58 /* LaunchScreen.storyboard in Resources */,
				4ACE28B52A08F320004E7D06 /* Dinner.jpg in Resources */,
				4ACE28B32A08F320004E7D06 /* Snacks.jpg in Resources */,
				E34D35E129FE18BF00F42E58 /* Assets.xcassets in Resources */,
				4ACE28B42A08F320004E7D06 /* Breakfast.jpg in Resources */,
				4ACE28B22A08F320004E7D06 /* Lunch.jpg in Resources */,
				E34D35DF29FE18BC00F42E58 /* Main.storyboard in Resources */,
			);
			runOnlyForDeploymentPostprocessing = 0;
		};
/* End PBXResourcesBuildPhase section */

/* Begin PBXSourcesBuildPhase section */
		E34D35D029FE18BC00F42E58 /* Sources */ = {
			isa = PBXSourcesBuildPhase;
			buildActionMask = 2147483647;
			files = (
				E34D35EF29FE2D1E00F42E58 /* addCaloriesViewController.swift in Sources */,
				E34D35F129FE2D9400F42E58 /* chooseMealViewController.swift in Sources */,
				E34D35DC29FE18BC00F42E58 /* ViewController.swift in Sources */,
				E34D35F729FE327900F42E58 /* BMRCalc.swift in Sources */,
				E34D35F329FE2DBC00F42E58 /* mealHistoryViewController.swift in Sources */,
				E34D35F529FE2DD500F42E58 /* settingViewController.swift in Sources */,
				E34D35D829FE18BC00F42E58 /* AppDelegate.swift in Sources */,
				E34D35DA29FE18BC00F42E58 /* SceneDelegate.swift in Sources */,
				4ACE28AD2A08D060004E7D06 /* ApiController.swift in Sources */,
			);
			runOnlyForDeploymentPostprocessing = 0;
		};
/* End PBXSourcesBuildPhase section */

/* Begin PBXVariantGroup section */
		E34D35DD29FE18BC00F42E58 /* Main.storyboard */ = {
			isa = PBXVariantGroup;
			children = (
				E34D35DE29FE18BC00F42E58 /* Base */,
			);
			name = Main.storyboard;
			sourceTree = "<group>";
		};
		E34D35E229FE18BF00F42E58 /* LaunchScreen.storyboard */ = {
			isa = PBXVariantGroup;
			children = (
				E34D35E329FE18BF00F42E58 /* Base */,
			);
			name = LaunchScreen.storyboard;
			sourceTree = "<group>";
		};
/* End PBXVariantGroup section */

/* Begin XCBuildConfiguration section */
		E34D35E629FE18BF00F42E58 /* Debug */ = {
			isa = XCBuildConfiguration;
			buildSettings = {
				ALWAYS_SEARCH_USER_PATHS = NO;
				CLANG_ANALYZER_NONNULL = YES;
				CLANG_ANALYZER_NUMBER_OBJECT_CONVERSION = YES_AGGRESSIVE;
				CLANG_CXX_LANGUAGE_STANDARD = "gnu++20";
				CLANG_ENABLE_MODULES = YES;
				CLANG_ENABLE_OBJC_ARC = YES;
				CLANG_ENABLE_OBJC_WEAK = YES;
				CLANG_WARN_BLOCK_CAPTURE_AUTORELEASING = YES;
				CLANG_WARN_BOOL_CONVERSION = YES;
				CLANG_WARN_COMMA = YES;
				CLANG_WARN_CONSTANT_CONVERSION = YES;
				CLANG_WARN_DEPRECATED_OBJC_IMPLEMENTATIONS = YES;
				CLANG_WARN_DIRECT_OBJC_ISA_USAGE = YES_ERROR;
				CLANG_WARN_DOCUMENTATION_COMMENTS = YES;
				CLANG_WARN_EMPTY_BODY = YES;
				CLANG_WARN_ENUM_CONVERSION = YES;
				CLANG_WARN_INFINITE_RECURSION = YES;
				CLANG_WARN_INT_CONVERSION = YES;
				CLANG_WARN_NON_LITERAL_NULL_CONVERSION = YES;
				CLANG_WARN_OBJC_IMPLICIT_RETAIN_SELF = YES;
				CLANG_WARN_OBJC_LITERAL_CONVERSION = YES;
				CLANG_WARN_OBJC_ROOT_CLASS = YES_ERROR;
				CLANG_WARN_QUOTED_INCLUDE_IN_FRAMEWORK_HEADER = YES;
				CLANG_WARN_RANGE_LOOP_ANALYSIS = YES;
				CLANG_WARN_STRICT_PROTOTYPES = YES;
				CLANG_WARN_SUSPICIOUS_MOVE = YES;
				CLANG_WARN_UNGUARDED_AVAILABILITY = YES_AGGRESSIVE;
				CLANG_WARN_UNREACHABLE_CODE = YES;
				CLANG_WARN__DUPLICATE_METHOD_MATCH = YES;
				COPY_PHASE_STRIP = NO;
				DEBUG_INFORMATION_FORMAT = dwarf;
				ENABLE_STRICT_OBJC_MSGSEND = YES;
				ENABLE_TESTABILITY = YES;
				GCC_C_LANGUAGE_STANDARD = gnu11;
				GCC_DYNAMIC_NO_PIC = NO;
				GCC_NO_COMMON_BLOCKS = YES;
				GCC_OPTIMIZATION_LEVEL = 0;
				GCC_PREPROCESSOR_DEFINITIONS = (
					"DEBUG=1",
					"$(inherited)",
				);
				GCC_WARN_64_TO_32_BIT_CONVERSION = YES;
				GCC_WARN_ABOUT_RETURN_TYPE = YES_ERROR;
				GCC_WARN_UNDECLARED_SELECTOR = YES;
				GCC_WARN_UNINITIALIZED_AUTOS = YES_AGGRESSIVE;
				GCC_WARN_UNUSED_FUNCTION = YES;
				GCC_WARN_UNUSED_VARIABLE = YES;
				IPHONEOS_DEPLOYMENT_TARGET = 16.4;
				MTL_ENABLE_DEBUG_INFO = INCLUDE_SOURCE;
				MTL_FAST_MATH = YES;
				ONLY_ACTIVE_ARCH = YES;
				SDKROOT = iphoneos;
				SWIFT_ACTIVE_COMPILATION_CONDITIONS = DEBUG;
				SWIFT_OPTIMIZATION_LEVEL = "-Onone";
			};
			name = Debug;
		};
		E34D35E729FE18BF00F42E58 /* Release */ = {
			isa = XCBuildConfiguration;
			buildSettings = {
				ALWAYS_SEARCH_USER_PATHS = NO;
				CLANG_ANALYZER_NONNULL = YES;
				CLANG_ANALYZER_NUMBER_OBJECT_CONVERSION = YES_AGGRESSIVE;
				CLANG_CXX_LANGUAGE_STANDARD = "gnu++20";
				CLANG_ENABLE_MODULES = YES;
				CLANG_ENABLE_OBJC_ARC = YES;
				CLANG_ENABLE_OBJC_WEAK = YES;
				CLANG_WARN_BLOCK_CAPTURE_AUTORELEASING = YES;
				CLANG_WARN_BOOL_CONVERSION = YES;
				CLANG_WARN_COMMA = YES;
				CLANG_WARN_CONSTANT_CONVERSION = YES;
				CLANG_WARN_DEPRECATED_OBJC_IMPLEMENTATIONS = YES;
				CLANG_WARN_DIRECT_OBJC_ISA_USAGE = YES_ERROR;
				CLANG_WARN_DOCUMENTATION_COMMENTS = YES;
				CLANG_WARN_EMPTY_BODY = YES;
				CLANG_WARN_ENUM_CONVERSION = YES;
				CLANG_WARN_INFINITE_RECURSION = YES;
				CLANG_WARN_INT_CONVERSION = YES;
				CLANG_WARN_NON_LITERAL_NULL_CONVERSION = YES;
				CLANG_WARN_OBJC_IMPLICIT_RETAIN_SELF = YES;
				CLANG_WARN_OBJC_LITERAL_CONVERSION = YES;
				CLANG_WARN_OBJC_ROOT_CLASS = YES_ERROR;
				CLANG_WARN_QUOTED_INCLUDE_IN_FRAMEWORK_HEADER = YES;
				CLANG_WARN_RANGE_LOOP_ANALYSIS = YES;
				CLANG_WARN_STRICT_PROTOTYPES = YES;
				CLANG_WARN_SUSPICIOUS_MOVE = YES;
				CLANG_WARN_UNGUARDED_AVAILABILITY = YES_AGGRESSIVE;
				CLANG_WARN_UNREACHABLE_CODE = YES;
				CLANG_WARN__DUPLICATE_METHOD_MATCH = YES;
				COPY_PHASE_STRIP = NO;
				DEBUG_INFORMATION_FORMAT = "dwarf-with-dsym";
				ENABLE_NS_ASSERTIONS = NO;
				ENABLE_STRICT_OBJC_MSGSEND = YES;
				GCC_C_LANGUAGE_STANDARD = gnu11;
				GCC_NO_COMMON_BLOCKS = YES;
				GCC_WARN_64_TO_32_BIT_CONVERSION = YES;
				GCC_WARN_ABOUT_RETURN_TYPE = YES_ERROR;
				GCC_WARN_UNDECLARED_SELECTOR = YES;
				GCC_WARN_UNINITIALIZED_AUTOS = YES_AGGRESSIVE;
				GCC_WARN_UNUSED_FUNCTION = YES;
				GCC_WARN_UNUSED_VARIABLE = YES;
				IPHONEOS_DEPLOYMENT_TARGET = 16.4;
				MTL_ENABLE_DEBUG_INFO = NO;
				MTL_FAST_MATH = YES;
				SDKROOT = iphoneos;
				SWIFT_COMPILATION_MODE = wholemodule;
				SWIFT_OPTIMIZATION_LEVEL = "-O";
				VALIDATE_PRODUCT = YES;
			};
			name = Release;
		};
		E34D35E929FE18BF00F42E58 /* Debug */ = {
			isa = XCBuildConfiguration;
			buildSettings = {
				ASSETCATALOG_COMPILER_APPICON_NAME = AppIcon;
				ASSETCATALOG_COMPILER_GLOBAL_ACCENT_COLOR_NAME = AccentColor;
				CODE_SIGN_STYLE = Automatic;
				CURRENT_PROJECT_VERSION = 1;
				GENERATE_INFOPLIST_FILE = YES;
				INFOPLIST_FILE = calCounter/Info.plist;
				INFOPLIST_KEY_UIApplicationSupportsIndirectInputEvents = YES;
				INFOPLIST_KEY_UILaunchStoryboardName = LaunchScreen;
				INFOPLIST_KEY_UIMainStoryboardFile = Main;
				INFOPLIST_KEY_UISupportedInterfaceOrientations_iPad = "UIInterfaceOrientationPortrait UIInterfaceOrientationPortraitUpsideDown UIInterfaceOrientationLandscapeLeft UIInterfaceOrientationLandscapeRight";
				INFOPLIST_KEY_UISupportedInterfaceOrientations_iPhone = "UIInterfaceOrientationPortrait UIInterfaceOrientationLandscapeLeft UIInterfaceOrientationLandscapeRight";
				LD_RUNPATH_SEARCH_PATHS = (
					"$(inherited)",
					"@executable_path/Frameworks",
				);
				MARKETING_VERSION = 1.0;
				PRODUCT_BUNDLE_IDENTIFIER = au.edu.uts.calCounter;
				PRODUCT_NAME = "$(TARGET_NAME)";
				SWIFT_EMIT_LOC_STRINGS = YES;
				SWIFT_VERSION = 5.0;
				TARGETED_DEVICE_FAMILY = "1,2";
			};
			name = Debug;
		};
		E34D35EA29FE18BF00F42E58 /* Release */ = {
			isa = XCBuildConfiguration;
			buildSettings = {
				ASSETCATALOG_COMPILER_APPICON_NAME = AppIcon;
				ASSETCATALOG_COMPILER_GLOBAL_ACCENT_COLOR_NAME = AccentColor;
				CODE_SIGN_STYLE = Automatic;
				CURRENT_PROJECT_VERSION = 1;
				GENERATE_INFOPLIST_FILE = YES;
				INFOPLIST_FILE = calCounter/Info.plist;
				INFOPLIST_KEY_UIApplicationSupportsIndirectInputEvents = YES;
				INFOPLIST_KEY_UILaunchStoryboardName = LaunchScreen;
				INFOPLIST_KEY_UIMainStoryboardFile = Main;
				INFOPLIST_KEY_UISupportedInterfaceOrientations_iPad = "UIInterfaceOrientationPortrait UIInterfaceOrientationPortraitUpsideDown UIInterfaceOrientationLandscapeLeft UIInterfaceOrientationLandscapeRight";
				INFOPLIST_KEY_UISupportedInterfaceOrientations_iPhone = "UIInterfaceOrientationPortrait UIInterfaceOrientationLandscapeLeft UIInterfaceOrientationLandscapeRight";
				LD_RUNPATH_SEARCH_PATHS = (
					"$(inherited)",
					"@executable_path/Frameworks",
				);
				MARKETING_VERSION = 1.0;
				PRODUCT_BUNDLE_IDENTIFIER = au.edu.uts.calCounter;
				PRODUCT_NAME = "$(TARGET_NAME)";
				SWIFT_EMIT_LOC_STRINGS = YES;
				SWIFT_VERSION = 5.0;
				TARGETED_DEVICE_FAMILY = "1,2";
			};
			name = Release;
		};
/* End XCBuildConfiguration section */

/* Begin XCConfigurationList section */
		E34D35CF29FE18BC00F42E58 /* Build configuration list for PBXProject "calCounter" */ = {
			isa = XCConfigurationList;
			buildConfigurations = (
				E34D35E629FE18BF00F42E58 /* Debug */,
				E34D35E729FE18BF00F42E58 /* Release */,
			);
			defaultConfigurationIsVisible = 0;
			defaultConfigurationName = Release;
		};
		E34D35E829FE18BF00F42E58 /* Build configuration list for PBXNativeTarget "calCounter" */ = {
			isa = XCConfigurationList;
			buildConfigurations = (
				E34D35E929FE18BF00F42E58 /* Debug */,
				E34D35EA29FE18BF00F42E58 /* Release */,
			);
			defaultConfigurationIsVisible = 0;
			defaultConfigurationName = Release;
		};
/* End XCConfigurationList section */
	};
	rootObject = E34D35CC29FE18BC00F42E58 /* Project object */;
}
